// !$*UTF8*$!
{
	archiveVersion = 1;
	classes = {
	};
	objectVersion = 55;
	objects = {

/* Begin PBXBuildFile section */
		527B545F280C598E002A31A7 /* AppDelegate.swift in Sources */ = {isa = PBXBuildFile; fileRef = 527B545E280C598E002A31A7 /* AppDelegate.swift */; };
		527B5461280C598E002A31A7 /* SceneDelegate.swift in Sources */ = {isa = PBXBuildFile; fileRef = 527B5460280C598E002A31A7 /* SceneDelegate.swift */; };
		527B5463280C598E002A31A7 /* WelcomeViewController.swift in Sources */ = {isa = PBXBuildFile; fileRef = 527B5462280C598E002A31A7 /* WelcomeViewController.swift */; };
		527B5466280C598E002A31A7 /* Main.storyboard in Resources */ = {isa = PBXBuildFile; fileRef = 527B5464280C598E002A31A7 /* Main.storyboard */; };
		527B5468280C5991002A31A7 /* Assets.xcassets in Resources */ = {isa = PBXBuildFile; fileRef = 527B5467280C5991002A31A7 /* Assets.xcassets */; };
		527B546B280C5991002A31A7 /* LaunchScreen.storyboard in Resources */ = {isa = PBXBuildFile; fileRef = 527B5469280C5991002A31A7 /* LaunchScreen.storyboard */; };
		527B5479280C5BAA002A31A7 /* WriteNameArtistViewController.swift in Sources */ = {isa = PBXBuildFile; fileRef = 527B5478280C5BAA002A31A7 /* WriteNameArtistViewController.swift */; };
		527B547B280C5C15002A31A7 /* TabBarController.swift in Sources */ = {isa = PBXBuildFile; fileRef = 527B547A280C5C15002A31A7 /* TabBarController.swift */; };
		527B547F280C7682002A31A7 /* ChooseArtistViewController.swift in Sources */ = {isa = PBXBuildFile; fileRef = 527B547E280C7682002A31A7 /* ChooseArtistViewController.swift */; };
		527B5481280C8448002A31A7 /* MusicViewController.swift in Sources */ = {isa = PBXBuildFile; fileRef = 527B5480280C8448002A31A7 /* MusicViewController.swift */; };
		527B5483280C9DDD002A31A7 /* SongCellModel.swift in Sources */ = {isa = PBXBuildFile; fileRef = 527B5482280C9DDD002A31A7 /* SongCellModel.swift */; };
		527B5486280CA41C002A31A7 /* NetworkService.swift in Sources */ = {isa = PBXBuildFile; fileRef = 527B5485280CA41C002A31A7 /* NetworkService.swift */; };
		527B5488280CA43C002A31A7 /* NetworkDataFeature.swift in Sources */ = {isa = PBXBuildFile; fileRef = 527B5487280CA43C002A31A7 /* NetworkDataFeature.swift */; };
		527B548A280CADA2002A31A7 /* TableViewCell.swift in Sources */ = {isa = PBXBuildFile; fileRef = 527B5489280CADA2002A31A7 /* TableViewCell.swift */; };
/* End PBXBuildFile section */

/* Begin PBXFileReference section */
		527B545B280C598E002A31A7 /* testForWork1.app */ = {isa = PBXFileReference; explicitFileType = wrapper.application; includeInIndex = 0; path = testForWork1.app; sourceTree = BUILT_PRODUCTS_DIR; };
		527B545E280C598E002A31A7 /* AppDelegate.swift */ = {isa = PBXFileReference; lastKnownFileType = sourcecode.swift; path = AppDelegate.swift; sourceTree = "<group>"; };
		527B5460280C598E002A31A7 /* SceneDelegate.swift */ = {isa = PBXFileReference; lastKnownFileType = sourcecode.swift; path = SceneDelegate.swift; sourceTree = "<group>"; };
		527B5462280C598E002A31A7 /* WelcomeViewController.swift */ = {isa = PBXFileReference; lastKnownFileType = sourcecode.swift; path = WelcomeViewController.swift; sourceTree = "<group>"; };
		527B5465280C598E002A31A7 /* Base */ = {isa = PBXFileReference; lastKnownFileType = file.storyboard; name = Base; path = Base.lproj/Main.storyboard; sourceTree = "<group>"; };
		527B5467280C5991002A31A7 /* Assets.xcassets */ = {isa = PBXFileReference; lastKnownFileType = folder.assetcatalog; path = Assets.xcassets; sourceTree = "<group>"; };
		527B546A280C5991002A31A7 /* Base */ = {isa = PBXFileReference; lastKnownFileType = file.storyboard; name = Base; path = Base.lproj/LaunchScreen.storyboard; sourceTree = "<group>"; };
		527B546C280C5991002A31A7 /* Info.plist */ = {isa = PBXFileReference; lastKnownFileType = text.plist.xml; path = Info.plist; sourceTree = "<group>"; };
		527B5478280C5BAA002A31A7 /* WriteNameArtistViewController.swift */ = {isa = PBXFileReference; lastKnownFileType = sourcecode.swift; path = WriteNameArtistViewController.swift; sourceTree = "<group>"; };
		527B547A280C5C15002A31A7 /* TabBarController.swift */ = {isa = PBXFileReference; lastKnownFileType = sourcecode.swift; path = TabBarController.swift; sourceTree = "<group>"; };
		527B547E280C7682002A31A7 /* ChooseArtistViewController.swift */ = {isa = PBXFileReference; lastKnownFileType = sourcecode.swift; path = ChooseArtistViewController.swift; sourceTree = "<group>"; };
		527B5480280C8448002A31A7 /* MusicViewController.swift */ = {isa = PBXFileReference; lastKnownFileType = sourcecode.swift; path = MusicViewController.swift; sourceTree = "<group>"; };
		527B5482280C9DDD002A31A7 /* SongCellModel.swift */ = {isa = PBXFileReference; lastKnownFileType = sourcecode.swift; path = SongCellModel.swift; sourceTree = "<group>"; };
		527B5485280CA41C002A31A7 /* NetworkService.swift */ = {isa = PBXFileReference; lastKnownFileType = sourcecode.swift; path = NetworkService.swift; sourceTree = "<group>"; };
		527B5487280CA43C002A31A7 /* NetworkDataFeature.swift */ = {isa = PBXFileReference; lastKnownFileType = sourcecode.swift; path = NetworkDataFeature.swift; sourceTree = "<group>"; };
		527B5489280CADA2002A31A7 /* TableViewCell.swift */ = {isa = PBXFileReference; lastKnownFileType = sourcecode.swift; path = TableViewCell.swift; sourceTree = "<group>"; };
/* End PBXFileReference section */

/* Begin PBXFrameworksBuildPhase section */
		527B5458280C598E002A31A7 /* Frameworks */ = {
			isa = PBXFrameworksBuildPhase;
			buildActionMask = 2147483647;
			files = (
			);
			runOnlyForDeploymentPostprocessing = 0;
		};
/* End PBXFrameworksBuildPhase section */

/* Begin PBXGroup section */
		527B5452280C598E002A31A7 = {
			isa = PBXGroup;
			children = (
				527B545D280C598E002A31A7 /* testForWork1 */,
				527B545C280C598E002A31A7 /* Products */,
			);
			sourceTree = "<group>";
		};
		527B545C280C598E002A31A7 /* Products */ = {
			isa = PBXGroup;
			children = (
				527B545B280C598E002A31A7 /* testForWork1.app */,
			);
			name = Products;
			sourceTree = "<group>";
		};
		527B545D280C598E002A31A7 /* testForWork1 */ = {
			isa = PBXGroup;
			children = (
				527B5477280C5B73002A31A7 /* Sourses */,
				527B5472280C5A6B002A31A7 /* Resourses */,
			);
			path = testForWork1;
			sourceTree = "<group>";
		};
		527B5472280C5A6B002A31A7 /* Resourses */ = {
			isa = PBXGroup;
			children = (
				527B5467280C5991002A31A7 /* Assets.xcassets */,
				527B546C280C5991002A31A7 /* Info.plist */,
			);
			path = Resourses;
			sourceTree = "<group>";
		};
		527B5473280C5AAA002A31A7 /* Storyboard */ = {
			isa = PBXGroup;
			children = (
				527B5464280C598E002A31A7 /* Main.storyboard */,
				527B5469280C5991002A31A7 /* LaunchScreen.storyboard */,
				527B5489280CADA2002A31A7 /* TableViewCell.swift */,
			);
			path = Storyboard;
			sourceTree = "<group>";
		};
		527B5474280C5AFB002A31A7 /* App */ = {
			isa = PBXGroup;
			children = (
				527B545E280C598E002A31A7 /* AppDelegate.swift */,
				527B5460280C598E002A31A7 /* SceneDelegate.swift */,
			);
			path = App;
			sourceTree = "<group>";
		};
		527B5475280C5B13002A31A7 /* Controllers */ = {
			isa = PBXGroup;
			children = (
				527B5462280C598E002A31A7 /* WelcomeViewController.swift */,
				527B5478280C5BAA002A31A7 /* WriteNameArtistViewController.swift */,
				527B547A280C5C15002A31A7 /* TabBarController.swift */,
				527B547E280C7682002A31A7 /* ChooseArtistViewController.swift */,
				527B5480280C8448002A31A7 /* MusicViewController.swift */,
			);
			path = Controllers;
			sourceTree = "<group>";
		};
		527B5476280C5B4A002A31A7 /* Models */ = {
			isa = PBXGroup;
			children = (
				527B5482280C9DDD002A31A7 /* SongCellModel.swift */,
			);
			path = Models;
			sourceTree = "<group>";
		};
		527B5477280C5B73002A31A7 /* Sourses */ = {
			isa = PBXGroup;
			children = (
				527B5484280CA3F6002A31A7 /* Networking */,
				527B5476280C5B4A002A31A7 /* Models */,
				527B5474280C5AFB002A31A7 /* App */,
				527B5475280C5B13002A31A7 /* Controllers */,
				527B5473280C5AAA002A31A7 /* Storyboard */,
			);
			path = Sourses;
			sourceTree = "<group>";
		};
		527B5484280CA3F6002A31A7 /* Networking */ = {
			isa = PBXGroup;
			children = (
				527B5485280CA41C002A31A7 /* NetworkService.swift */,
				527B5487280CA43C002A31A7 /* NetworkDataFeature.swift */,
			);
			path = Networking;
			sourceTree = "<group>";
		};
/* End PBXGroup section */

/* Begin PBXNativeTarget section */
		527B545A280C598E002A31A7 /* testForWork1 */ = {
			isa = PBXNativeTarget;
			buildConfigurationList = 527B546F280C5991002A31A7 /* Build configuration list for PBXNativeTarget "testForWork1" */;
			buildPhases = (
				527B5457280C598E002A31A7 /* Sources */,
				527B5458280C598E002A31A7 /* Frameworks */,
				527B5459280C598E002A31A7 /* Resources */,
			);
			buildRules = (
			);
			dependencies = (
			);
			name = testForWork1;
			productName = testForWork1;
			productReference = 527B545B280C598E002A31A7 /* testForWork1.app */;
			productType = "com.apple.product-type.application";
		};
/* End PBXNativeTarget section */

/* Begin PBXProject section */
		527B5453280C598E002A31A7 /* Project object */ = {
			isa = PBXProject;
			attributes = {
				BuildIndependentTargetsInParallel = 1;
				LastSwiftUpdateCheck = 1320;
				LastUpgradeCheck = 1320;
				TargetAttributes = {
					527B545A280C598E002A31A7 = {
						CreatedOnToolsVersion = 13.2;
					};
				};
			};
			buildConfigurationList = 527B5456280C598E002A31A7 /* Build configuration list for PBXProject "testForWork1" */;
			compatibilityVersion = "Xcode 13.0";
			developmentRegion = en;
			hasScannedForEncodings = 0;
			knownRegions = (
				en,
				Base,
			);
			mainGroup = 527B5452280C598E002A31A7;
			productRefGroup = 527B545C280C598E002A31A7 /* Products */;
			projectDirPath = "";
			projectRoot = "";
			targets = (
				527B545A280C598E002A31A7 /* testForWork1 */,
			);
		};
/* End PBXProject section */

/* Begin PBXResourcesBuildPhase section */
		527B5459280C598E002A31A7 /* Resources */ = {
			isa = PBXResourcesBuildPhase;
			buildActionMask = 2147483647;
			files = (
				527B546B280C5991002A31A7 /* LaunchScreen.storyboard in Resources */,
				527B5468280C5991002A31A7 /* Assets.xcassets in Resources */,
				527B5466280C598E002A31A7 /* Main.storyboard in Resources */,
			);
			runOnlyForDeploymentPostprocessing = 0;
		};
/* End PBXResourcesBuildPhase section */

/* Begin PBXSourcesBuildPhase section */
		527B5457280C598E002A31A7 /* Sources */ = {
			isa = PBXSourcesBuildPhase;
			buildActionMask = 2147483647;
			files = (
				527B5463280C598E002A31A7 /* WelcomeViewController.swift in Sources */,
				527B5481280C8448002A31A7 /* MusicViewController.swift in Sources */,
				527B545F280C598E002A31A7 /* AppDelegate.swift in Sources */,
				527B5483280C9DDD002A31A7 /* SongCellModel.swift in Sources */,
				527B5486280CA41C002A31A7 /* NetworkService.swift in Sources */,
				527B5461280C598E002A31A7 /* SceneDelegate.swift in Sources */,
				527B548A280CADA2002A31A7 /* TableViewCell.swift in Sources */,
				527B547B280C5C15002A31A7 /* TabBarController.swift in Sources */,
				527B5488280CA43C002A31A7 /* NetworkDataFeature.swift in Sources */,
				527B5479280C5BAA002A31A7 /* WriteNameArtistViewController.swift in Sources */,
				527B547F280C7682002A31A7 /* ChooseArtistViewController.swift in Sources */,
			);
			runOnlyForDeploymentPostprocessing = 0;
		};
/* End PBXSourcesBuildPhase section */

/* Begin PBXVariantGroup section */
		527B5464280C598E002A31A7 /* Main.storyboard */ = {
			isa = PBXVariantGroup;
			children = (
				527B5465280C598E002A31A7 /* Base */,
			);
			name = Main.storyboard;
			sourceTree = "<group>";
		};
		527B5469280C5991002A31A7 /* LaunchScreen.storyboard */ = {
			isa = PBXVariantGroup;
			children = (
				527B546A280C5991002A31A7 /* Base */,
			);
			name = LaunchScreen.storyboard;
			sourceTree = "<group>";
		};
/* End PBXVariantGroup section */

/* Begin XCBuildConfiguration section */
		527B546D280C5991002A31A7 /* Debug */ = {
			isa = XCBuildConfiguration;
			buildSettings = {
				ALWAYS_SEARCH_USER_PATHS = NO;
				CLANG_ANALYZER_NONNULL = YES;
				CLANG_ANALYZER_NUMBER_OBJECT_CONVERSION = YES_AGGRESSIVE;
				CLANG_CXX_LANGUAGE_STANDARD = "gnu++17";
				CLANG_CXX_LIBRARY = "libc++";
				CLANG_ENABLE_MODULES = YES;
				CLANG_ENABLE_OBJC_ARC = YES;
				CLANG_ENABLE_OBJC_WEAK = YES;
				CLANG_WARN_BLOCK_CAPTURE_AUTORELEASING = YES;
				CLANG_WARN_BOOL_CONVERSION = YES;
				CLANG_WARN_COMMA = YES;
				CLANG_WARN_CONSTANT_CONVERSION = YES;
				CLANG_WARN_DEPRECATED_OBJC_IMPLEMENTATIONS = YES;
				CLANG_WARN_DIRECT_OBJC_ISA_USAGE = YES_ERROR;
				CLANG_WARN_DOCUMENTATION_COMMENTS = YES;
				CLANG_WARN_EMPTY_BODY = YES;
				CLANG_WARN_ENUM_CONVERSION = YES;
				CLANG_WARN_INFINITE_RECURSION = YES;
				CLANG_WARN_INT_CONVERSION = YES;
				CLANG_WARN_NON_LITERAL_NULL_CONVERSION = YES;
				CLANG_WARN_OBJC_IMPLICIT_RETAIN_SELF = YES;
				CLANG_WARN_OBJC_LITERAL_CONVERSION = YES;
				CLANG_WARN_OBJC_ROOT_CLASS = YES_ERROR;
				CLANG_WARN_QUOTED_INCLUDE_IN_FRAMEWORK_HEADER = YES;
				CLANG_WARN_RANGE_LOOP_ANALYSIS = YES;
				CLANG_WARN_STRICT_PROTOTYPES = YES;
				CLANG_WARN_SUSPICIOUS_MOVE = YES;
				CLANG_WARN_UNGUARDED_AVAILABILITY = YES_AGGRESSIVE;
				CLANG_WARN_UNREACHABLE_CODE = YES;
				CLANG_WARN__DUPLICATE_METHOD_MATCH = YES;
				COPY_PHASE_STRIP = NO;
				DEBUG_INFORMATION_FORMAT = dwarf;
				ENABLE_STRICT_OBJC_MSGSEND = YES;
				ENABLE_TESTABILITY = YES;
				GCC_C_LANGUAGE_STANDARD = gnu11;
				GCC_DYNAMIC_NO_PIC = NO;
				GCC_NO_COMMON_BLOCKS = YES;
				GCC_OPTIMIZATION_LEVEL = 0;
				GCC_PREPROCESSOR_DEFINITIONS = (
					"DEBUG=1",
					"$(inherited)",
				);
				GCC_WARN_64_TO_32_BIT_CONVERSION = YES;
				GCC_WARN_ABOUT_RETURN_TYPE = YES_ERROR;
				GCC_WARN_UNDECLARED_SELECTOR = YES;
				GCC_WARN_UNINITIALIZED_AUTOS = YES_AGGRESSIVE;
				GCC_WARN_UNUSED_FUNCTION = YES;
				GCC_WARN_UNUSED_VARIABLE = YES;
				IPHONEOS_DEPLOYMENT_TARGET = 15.2;
				MTL_ENABLE_DEBUG_INFO = INCLUDE_SOURCE;
				MTL_FAST_MATH = YES;
				ONLY_ACTIVE_ARCH = YES;
				SDKROOT = iphoneos;
				SWIFT_ACTIVE_COMPILATION_CONDITIONS = DEBUG;
				SWIFT_OPTIMIZATION_LEVEL = "-Onone";
			};
			name = Debug;
		};
		527B546E280C5991002A31A7 /* Release */ = {
			isa = XCBuildConfiguration;
			buildSettings = {
				ALWAYS_SEARCH_USER_PATHS = NO;
				CLANG_ANALYZER_NONNULL = YES;
				CLANG_ANALYZER_NUMBER_OBJECT_CONVERSION = YES_AGGRESSIVE;
				CLANG_CXX_LANGUAGE_STANDARD = "gnu++17";
				CLANG_CXX_LIBRARY = "libc++";
				CLANG_ENABLE_MODULES = YES;
				CLANG_ENABLE_OBJC_ARC = YES;
				CLANG_ENABLE_OBJC_WEAK = YES;
				CLANG_WARN_BLOCK_CAPTURE_AUTORELEASING = YES;
				CLANG_WARN_BOOL_CONVERSION = YES;
				CLANG_WARN_COMMA = YES;
				CLANG_WARN_CONSTANT_CONVERSION = YES;
				CLANG_WARN_DEPRECATED_OBJC_IMPLEMENTATIONS = YES;
				CLANG_WARN_DIRECT_OBJC_ISA_USAGE = YES_ERROR;
				CLANG_WARN_DOCUMENTATION_COMMENTS = YES;
				CLANG_WARN_EMPTY_BODY = YES;
				CLANG_WARN_ENUM_CONVERSION = YES;
				CLANG_WARN_INFINITE_RECURSION = YES;
				CLANG_WARN_INT_CONVERSION = YES;
				CLANG_WARN_NON_LITERAL_NULL_CONVERSION = YES;
				CLANG_WARN_OBJC_IMPLICIT_RETAIN_SELF = YES;
				CLANG_WARN_OBJC_LITERAL_CONVERSION = YES;
				CLANG_WARN_OBJC_ROOT_CLASS = YES_ERROR;
				CLANG_WARN_QUOTED_INCLUDE_IN_FRAMEWORK_HEADER = YES;
				CLANG_WARN_RANGE_LOOP_ANALYSIS = YES;
				CLANG_WARN_STRICT_PROTOTYPES = YES;
				CLANG_WARN_SUSPICIOUS_MOVE = YES;
				CLANG_WARN_UNGUARDED_AVAILABILITY = YES_AGGRESSIVE;
				CLANG_WARN_UNREACHABLE_CODE = YES;
				CLANG_WARN__DUPLICATE_METHOD_MATCH = YES;
				COPY_PHASE_STRIP = NO;
				DEBUG_INFORMATION_FORMAT = "dwarf-with-dsym";
				ENABLE_NS_ASSERTIONS = NO;
				ENABLE_STRICT_OBJC_MSGSEND = YES;
				GCC_C_LANGUAGE_STANDARD = gnu11;
				GCC_NO_COMMON_BLOCKS = YES;
				GCC_WARN_64_TO_32_BIT_CONVERSION = YES;
				GCC_WARN_ABOUT_RETURN_TYPE = YES_ERROR;
				GCC_WARN_UNDECLARED_SELECTOR = YES;
				GCC_WARN_UNINITIALIZED_AUTOS = YES_AGGRESSIVE;
				GCC_WARN_UNUSED_FUNCTION = YES;
				GCC_WARN_UNUSED_VARIABLE = YES;
				IPHONEOS_DEPLOYMENT_TARGET = 15.2;
				MTL_ENABLE_DEBUG_INFO = NO;
				MTL_FAST_MATH = YES;
				SDKROOT = iphoneos;
				SWIFT_COMPILATION_MODE = wholemodule;
				SWIFT_OPTIMIZATION_LEVEL = "-O";
				VALIDATE_PRODUCT = YES;
			};
			name = Release;
		};
		527B5470280C5991002A31A7 /* Debug */ = {
			isa = XCBuildConfiguration;
			buildSettings = {
				ASSETCATALOG_COMPILER_APPICON_NAME = AppIcon;
				ASSETCATALOG_COMPILER_GLOBAL_ACCENT_COLOR_NAME = AccentColor;
				CODE_SIGN_STYLE = Automatic;
				CURRENT_PROJECT_VERSION = 1;
				GENERATE_INFOPLIST_FILE = YES;
				INFOPLIST_FILE = testForWork1/Resourses/Info.plist;
				INFOPLIST_KEY_UIApplicationSupportsIndirectInputEvents = YES;
				INFOPLIST_KEY_UILaunchStoryboardName = LaunchScreen;
				INFOPLIST_KEY_UIMainStoryboardFile = Main;
				INFOPLIST_KEY_UISupportedInterfaceOrientations_iPad = "UIInterfaceOrientationPortrait UIInterfaceOrientationPortraitUpsideDown UIInterfaceOrientationLandscapeLeft UIInterfaceOrientationLandscapeRight";
				INFOPLIST_KEY_UISupportedInterfaceOrientations_iPhone = "UIInterfaceOrientationPortrait UIInterfaceOrientationLandscapeLeft UIInterfaceOrientationLandscapeRight";
				LD_RUNPATH_SEARCH_PATHS = (
					"$(inherited)",
					"@executable_path/Frameworks",
				);
				MARKETING_VERSION = 1.0;
				PRODUCT_BUNDLE_IDENTIFIER = com.my.testForWork1;
				PRODUCT_NAME = "$(TARGET_NAME)";
				SWIFT_EMIT_LOC_STRINGS = YES;
				SWIFT_VERSION = 5.0;
				TARGETED_DEVICE_FAMILY = "1,2";
			};
			name = Debug;
		};
		527B5471280C5991002A31A7 /* Release */ = {
			isa = XCBuildConfiguration;
			buildSettings = {
				ASSETCATALOG_COMPILER_APPICON_NAME = AppIcon;
				ASSETCATALOG_COMPILER_GLOBAL_ACCENT_COLOR_NAME = AccentColor;
				CODE_SIGN_STYLE = Automatic;
				CURRENT_PROJECT_VERSION = 1;
				GENERATE_INFOPLIST_FILE = YES;
				INFOPLIST_FILE = testForWork1/Resourses/Info.plist;
				INFOPLIST_KEY_UIApplicationSupportsIndirectInputEvents = YES;
				INFOPLIST_KEY_UILaunchStoryboardName = LaunchScreen;
				INFOPLIST_KEY_UIMainStoryboardFile = Main;
				INFOPLIST_KEY_UISupportedInterfaceOrientations_iPad = "UIInterfaceOrientationPortrait UIInterfaceOrientationPortraitUpsideDown UIInterfaceOrientationLandscapeLeft UIInterfaceOrientationLandscapeRight";
				INFOPLIST_KEY_UISupportedInterfaceOrientations_iPhone = "UIInterfaceOrientationPortrait UIInterfaceOrientationLandscapeLeft UIInterfaceOrientationLandscapeRight";
				LD_RUNPATH_SEARCH_PATHS = (
					"$(inherited)",
					"@executable_path/Frameworks",
				);
				MARKETING_VERSION = 1.0;
				PRODUCT_BUNDLE_IDENTIFIER = com.my.testForWork1;
				PRODUCT_NAME = "$(TARGET_NAME)";
				SWIFT_EMIT_LOC_STRINGS = YES;
				SWIFT_VERSION = 5.0;
				TARGETED_DEVICE_FAMILY = "1,2";
			};
			name = Release;
		};
/* End XCBuildConfiguration section */

/* Begin XCConfigurationList section */
		527B5456280C598E002A31A7 /* Build configuration list for PBXProject "testForWork1" */ = {
			isa = XCConfigurationList;
			buildConfigurations = (
				527B546D280C5991002A31A7 /* Debug */,
				527B546E280C5991002A31A7 /* Release */,
			);
			defaultConfigurationIsVisible = 0;
			defaultConfigurationName = Release;
		};
		527B546F280C5991002A31A7 /* Build configuration list for PBXNativeTarget "testForWork1" */ = {
			isa = XCConfigurationList;
			buildConfigurations = (
				527B5470280C5991002A31A7 /* Debug */,
				527B5471280C5991002A31A7 /* Release */,
			);
			defaultConfigurationIsVisible = 0;
			defaultConfigurationName = Release;
		};
/* End XCConfigurationList section */
	};
	rootObject = 527B5453280C598E002A31A7 /* Project object */;
}
